// !$*UTF8*$!
{
	archiveVersion = 1;
	classes = {
	};
	objectVersion = 46;
	objects = {

/* Begin PBXBuildFile section */
		6418E0A61503DC5F007BFD58 /* sciedit.prg in Sources */ = {isa = PBXBuildFile; fileRef = 6418E0A51503DC5F007BFD58 /* sciedit.prg */; };
		641F78CD14DD3970001F5A47 /* Cocoa.framework in Frameworks */ = {isa = PBXBuildFile; fileRef = 641F78CC14DD3970001F5A47 /* Cocoa.framework */; };
		641F78D714DD3970001F5A47 /* InfoPlist.strings in Resources */ = {isa = PBXBuildFile; fileRef = 641F78D514DD3970001F5A47 /* InfoPlist.strings */; };
		641F78D914DD3970001F5A47 /* main.m in Sources */ = {isa = PBXBuildFile; fileRef = 641F78D814DD3970001F5A47 /* main.m */; };
		641F78DD14DD3970001F5A47 /* Credits.rtf in Resources */ = {isa = PBXBuildFile; fileRef = 641F78DB14DD3970001F5A47 /* Credits.rtf */; };
		641F78E014DD3970001F5A47 /* AppDelegate.m in Sources */ = {isa = PBXBuildFile; fileRef = 641F78DF14DD3970001F5A47 /* AppDelegate.m */; };
		641F78E314DD3970001F5A47 /* MainMenu.xib in Resources */ = {isa = PBXBuildFile; fileRef = 641F78E114DD3970001F5A47 /* MainMenu.xib */; };
		6426B6A91501402F0015B139 /* provinci.prg in Sources */ = {isa = PBXBuildFile; fileRef = 6426B6A81501402F0015B139 /* provinci.prg */; };
		647099C814F0116F009BF539 /* libfive.a in Frameworks */ = {isa = PBXBuildFile; fileRef = 647099C614F0116F009BF539 /* libfive.a */; };
		647099C914F0116F009BF539 /* libfivec.a in Frameworks */ = {isa = PBXBuildFile; fileRef = 647099C714F0116F009BF539 /* libfivec.a */; };
		64709A2614F01198009BF539 /* libexpat.a in Frameworks */ = {isa = PBXBuildFile; fileRef = 647099CB14F01197009BF539 /* libexpat.a */; };
		64709A2714F01198009BF539 /* libgtcgi.a in Frameworks */ = {isa = PBXBuildFile; fileRef = 647099CC14F01197009BF539 /* libgtcgi.a */; };
		64709A2814F01198009BF539 /* libgtcrs.a in Frameworks */ = {isa = PBXBuildFile; fileRef = 647099CD14F01197009BF539 /* libgtcrs.a */; };
		64709A2914F01198009BF539 /* libgtpca.a in Frameworks */ = {isa = PBXBuildFile; fileRef = 647099CE14F01197009BF539 /* libgtpca.a */; };
		64709A2A14F01198009BF539 /* libgtqtc.a in Frameworks */ = {isa = PBXBuildFile; fileRef = 647099CF14F01197009BF539 /* libgtqtc.a */; };
		64709A2B14F01198009BF539 /* libgtsln.a in Frameworks */ = {isa = PBXBuildFile; fileRef = 647099D014F01197009BF539 /* libgtsln.a */; };
		64709A2C14F01198009BF539 /* libgtstd.a in Frameworks */ = {isa = PBXBuildFile; fileRef = 647099D114F01197009BF539 /* libgtstd.a */; };
		64709A2D14F01198009BF539 /* libgttrm.a in Frameworks */ = {isa = PBXBuildFile; fileRef = 647099D214F01197009BF539 /* libgttrm.a */; };
		64709A2E14F01198009BF539 /* libgtxwc.a in Frameworks */ = {isa = PBXBuildFile; fileRef = 647099D314F01197009BF539 /* libgtxwc.a */; };
		64709A3214F01198009BF539 /* libhbblink.a in Frameworks */ = {isa = PBXBuildFile; fileRef = 647099D714F01197009BF539 /* libhbblink.a */; };
		64709A3314F01198009BF539 /* libhbbz2.a in Frameworks */ = {isa = PBXBuildFile; fileRef = 647099D814F01197009BF539 /* libhbbz2.a */; };
		64709A3414F01198009BF539 /* libhbcomm.a in Frameworks */ = {isa = PBXBuildFile; fileRef = 647099D914F01197009BF539 /* libhbcomm.a */; };
		64709A3514F01198009BF539 /* libhbcommon.a in Frameworks */ = {isa = PBXBuildFile; fileRef = 647099DA14F01197009BF539 /* libhbcommon.a */; };
		64709A3614F01198009BF539 /* libhbcpage.a in Frameworks */ = {isa = PBXBuildFile; fileRef = 647099DB14F01197009BF539 /* libhbcpage.a */; };
		64709A3714F01198009BF539 /* libhbcplr.a in Frameworks */ = {isa = PBXBuildFile; fileRef = 647099DC14F01197009BF539 /* libhbcplr.a */; };
		64709A3814F01198009BF539 /* libhbct.a in Frameworks */ = {isa = PBXBuildFile; fileRef = 647099DD14F01197009BF539 /* libhbct.a */; };
		64709A3914F01198009BF539 /* libhbcups.a in Frameworks */ = {isa = PBXBuildFile; fileRef = 647099DE14F01197009BF539 /* libhbcups.a */; };
		64709A3A14F01198009BF539 /* libhbcurl.a in Frameworks */ = {isa = PBXBuildFile; fileRef = 647099DF14F01197009BF539 /* libhbcurl.a */; };
		64709A3B14F01198009BF539 /* libhbdebug.a in Frameworks */ = {isa = PBXBuildFile; fileRef = 647099E014F01197009BF539 /* libhbdebug.a */; };
		64709A3C14F01198009BF539 /* libhbexpat.a in Frameworks */ = {isa = PBXBuildFile; fileRef = 647099E114F01197009BF539 /* libhbexpat.a */; };
		64709A3D14F01198009BF539 /* libhbextern.a in Frameworks */ = {isa = PBXBuildFile; fileRef = 647099E214F01197009BF539 /* libhbextern.a */; };
		64709A3E14F01198009BF539 /* libhbformat.a in Frameworks */ = {isa = PBXBuildFile; fileRef = 647099E314F01197009BF539 /* libhbformat.a */; };
		64709A3F14F01198009BF539 /* libhbfoxpro.a in Frameworks */ = {isa = PBXBuildFile; fileRef = 647099E414F01197009BF539 /* libhbfoxpro.a */; };
		64709A4014F01198009BF539 /* libhbfship.a in Frameworks */ = {isa = PBXBuildFile; fileRef = 647099E514F01197009BF539 /* libhbfship.a */; };
		64709A4114F01198009BF539 /* libhbgt.a in Frameworks */ = {isa = PBXBuildFile; fileRef = 647099E614F01197009BF539 /* libhbgt.a */; };
		64709A4214F01198009BF539 /* libhbhpdf.a in Frameworks */ = {isa = PBXBuildFile; fileRef = 647099E714F01197009BF539 /* libhbhpdf.a */; };
		64709A4314F01198009BF539 /* libhbhsx.a in Frameworks */ = {isa = PBXBuildFile; fileRef = 647099E814F01197009BF539 /* libhbhsx.a */; };
		64709A4414F01198009BF539 /* libhbhttpd.a in Frameworks */ = {isa = PBXBuildFile; fileRef = 647099E914F01197009BF539 /* libhbhttpd.a */; };
		64709A4514F01198009BF539 /* libhblang.a in Frameworks */ = {isa = PBXBuildFile; fileRef = 647099EA14F01197009BF539 /* libhblang.a */; };
		64709A4614F01198009BF539 /* libhblzf.a in Frameworks */ = {isa = PBXBuildFile; fileRef = 647099EB14F01197009BF539 /* libhblzf.a */; };
		64709A4714F01198009BF539 /* libhbmacro.a in Frameworks */ = {isa = PBXBuildFile; fileRef = 647099EC14F01197009BF539 /* libhbmacro.a */; };
		64709A4814F01198009BF539 /* libhbmemio.a in Frameworks */ = {isa = PBXBuildFile; fileRef = 647099ED14F01197009BF539 /* libhbmemio.a */; };
		64709A4914F01198009BF539 /* libhbmisc.a in Frameworks */ = {isa = PBXBuildFile; fileRef = 647099EE14F01197009BF539 /* libhbmisc.a */; };
		64709A4A14F01198009BF539 /* libhbmlzo.a in Frameworks */ = {isa = PBXBuildFile; fileRef = 647099EF14F01197009BF539 /* libhbmlzo.a */; };
		64709A4B14F01198009BF539 /* libhbmxml.a in Frameworks */ = {isa = PBXBuildFile; fileRef = 647099F014F01197009BF539 /* libhbmxml.a */; };
		64709A4C14F01198009BF539 /* libhbmzip.a in Frameworks */ = {isa = PBXBuildFile; fileRef = 647099F114F01197009BF539 /* libhbmzip.a */; };
		64709A4D14F01198009BF539 /* libhbnetio.a in Frameworks */ = {isa = PBXBuildFile; fileRef = 647099F214F01197009BF539 /* libhbnetio.a */; };
		64709A4E14F01198009BF539 /* libhbnf.a in Frameworks */ = {isa = PBXBuildFile; fileRef = 647099F314F01197009BF539 /* libhbnf.a */; };
		64709A5114F01198009BF539 /* libhbodbc.a in Frameworks */ = {isa = PBXBuildFile; fileRef = 647099F614F01197009BF539 /* libhbodbc.a */; };
		64709A5214F01198009BF539 /* libhboslib.a in Frameworks */ = {isa = PBXBuildFile; fileRef = 647099F714F01197009BF539 /* libhboslib.a */; };
		64709A5314F01198009BF539 /* libhbpcre.a in Frameworks */ = {isa = PBXBuildFile; fileRef = 647099F814F01197009BF539 /* libhbpcre.a */; };
		64709A5414F01198009BF539 /* libhbpgsql.a in Frameworks */ = {isa = PBXBuildFile; fileRef = 647099F914F01197009BF539 /* libhbpgsql.a */; };
		64709A5514F01198009BF539 /* libhbpp.a in Frameworks */ = {isa = PBXBuildFile; fileRef = 647099FA14F01197009BF539 /* libhbpp.a */; };
		64709A5614F01198009BF539 /* libhbqtcore.a in Frameworks */ = {isa = PBXBuildFile; fileRef = 647099FB14F01197009BF539 /* libhbqtcore.a */; };
		64709A5714F01198009BF539 /* libhbqtdesigner.a in Frameworks */ = {isa = PBXBuildFile; fileRef = 647099FC14F01197009BF539 /* libhbqtdesigner.a */; };
		64709A5814F01198009BF539 /* libhbqtgui.a in Frameworks */ = {isa = PBXBuildFile; fileRef = 647099FD14F01197009BF539 /* libhbqtgui.a */; };
		64709A5914F01198009BF539 /* libhbqtnetwork.a in Frameworks */ = {isa = PBXBuildFile; fileRef = 647099FE14F01197009BF539 /* libhbqtnetwork.a */; };
		64709A5A14F01198009BF539 /* libhbqtsql.a in Frameworks */ = {isa = PBXBuildFile; fileRef = 647099FF14F01197009BF539 /* libhbqtsql.a */; };
		64709A5B14F01198009BF539 /* libhbqtwebkit.a in Frameworks */ = {isa = PBXBuildFile; fileRef = 64709A0014F01197009BF539 /* libhbqtwebkit.a */; };
		64709A5C14F01198009BF539 /* libhbrdd.a in Frameworks */ = {isa = PBXBuildFile; fileRef = 64709A0114F01197009BF539 /* libhbrdd.a */; };
		64709A5D14F01198009BF539 /* libhbrtl.a in Frameworks */ = {isa = PBXBuildFile; fileRef = 64709A0214F01197009BF539 /* libhbrtl.a */; };
		64709A5E14F01198009BF539 /* libhbsix.a in Frameworks */ = {isa = PBXBuildFile; fileRef = 64709A0314F01197009BF539 /* libhbsix.a */; };
		64709A5F14F01198009BF539 /* libhbsms.a in Frameworks */ = {isa = PBXBuildFile; fileRef = 64709A0414F01197009BF539 /* libhbsms.a */; };
		64709A6014F01198009BF539 /* libhbsqlit3.a in Frameworks */ = {isa = PBXBuildFile; fileRef = 64709A0514F01197009BF539 /* libhbsqlit3.a */; };
		64709A6114F01198009BF539 /* libhbssl.a in Frameworks */ = {isa = PBXBuildFile; fileRef = 64709A0614F01197009BF539 /* libhbssl.a */; };
		64709A6214F01198009BF539 /* libhbtip.a in Frameworks */ = {isa = PBXBuildFile; fileRef = 64709A0714F01197009BF539 /* libhbtip.a */; };
		64709A6314F01198009BF539 /* libhbtipssl.a in Frameworks */ = {isa = PBXBuildFile; fileRef = 64709A0814F01197009BF539 /* libhbtipssl.a */; };
		64709A6414F01198009BF539 /* libhbtpathy.a in Frameworks */ = {isa = PBXBuildFile; fileRef = 64709A0914F01197009BF539 /* libhbtpathy.a */; };
		64709A6514F01198009BF539 /* libhbuddall.a in Frameworks */ = {isa = PBXBuildFile; fileRef = 64709A0A14F01197009BF539 /* libhbuddall.a */; };
		64709A6614F01198009BF539 /* libhbunix.a in Frameworks */ = {isa = PBXBuildFile; fileRef = 64709A0B14F01197009BF539 /* libhbunix.a */; };
		64709A6714F01198009BF539 /* libhbusrrdd.a in Frameworks */ = {isa = PBXBuildFile; fileRef = 64709A0C14F01197009BF539 /* libhbusrrdd.a */; };
		64709A6814F01198009BF539 /* libhbvm.a in Frameworks */ = {isa = PBXBuildFile; fileRef = 64709A0D14F01197009BF539 /* libhbvm.a */; };
		64709A6914F01198009BF539 /* libhbvmmt.a in Frameworks */ = {isa = PBXBuildFile; fileRef = 64709A0E14F01197009BF539 /* libhbvmmt.a */; };
		64709A6A14F01198009BF539 /* libhbxbp.a in Frameworks */ = {isa = PBXBuildFile; fileRef = 64709A0F14F01197009BF539 /* libhbxbp.a */; };
		64709A6B14F01198009BF539 /* libhbxdiff.a in Frameworks */ = {isa = PBXBuildFile; fileRef = 64709A1014F01197009BF539 /* libhbxdiff.a */; };
		64709A6C14F01198009BF539 /* libhbxpp.a in Frameworks */ = {isa = PBXBuildFile; fileRef = 64709A1114F01197009BF539 /* libhbxpp.a */; };
		64709A6D14F01198009BF539 /* libhbzebra.a in Frameworks */ = {isa = PBXBuildFile; fileRef = 64709A1214F01197009BF539 /* libhbzebra.a */; };
		64709A6E14F01198009BF539 /* libhbziparc.a in Frameworks */ = {isa = PBXBuildFile; fileRef = 64709A1314F01197009BF539 /* libhbziparc.a */; };
		64709A6F14F01198009BF539 /* libjpeg.a in Frameworks */ = {isa = PBXBuildFile; fileRef = 64709A1414F01197009BF539 /* libjpeg.a */; };
		64709A7014F01198009BF539 /* liblibhpdf.a in Frameworks */ = {isa = PBXBuildFile; fileRef = 64709A1514F01197009BF539 /* liblibhpdf.a */; };
		64709A7114F01198009BF539 /* liblzf.a in Frameworks */ = {isa = PBXBuildFile; fileRef = 64709A1614F01197009BF539 /* liblzf.a */; };
		64709A7214F01198009BF539 /* libminilzo.a in Frameworks */ = {isa = PBXBuildFile; fileRef = 64709A1714F01197009BF539 /* libminilzo.a */; };
		64709A7314F01198009BF539 /* libminizip.a in Frameworks */ = {isa = PBXBuildFile; fileRef = 64709A1814F01197009BF539 /* libminizip.a */; };
		64709A7414F01198009BF539 /* libmxml.a in Frameworks */ = {isa = PBXBuildFile; fileRef = 64709A1914F01197009BF539 /* libmxml.a */; };
		64709A7514F01198009BF539 /* libpng.a in Frameworks */ = {isa = PBXBuildFile; fileRef = 64709A1A14F01197009BF539 /* libpng.a */; };
		64709A7614F01198009BF539 /* librddbm.a in Frameworks */ = {isa = PBXBuildFile; fileRef = 64709A1B14F01197009BF539 /* librddbm.a */; };
		64709A7714F01198009BF539 /* librddcdx.a in Frameworks */ = {isa = PBXBuildFile; fileRef = 64709A1C14F01197009BF539 /* librddcdx.a */; };
		64709A7814F01198009BF539 /* librddfpt.a in Frameworks */ = {isa = PBXBuildFile; fileRef = 64709A1D14F01197009BF539 /* librddfpt.a */; };
		64709A7914F01198009BF539 /* librddnsx.a in Frameworks */ = {isa = PBXBuildFile; fileRef = 64709A1E14F01197009BF539 /* librddnsx.a */; };
		64709A7A14F01198009BF539 /* librddntx.a in Frameworks */ = {isa = PBXBuildFile; fileRef = 64709A1F14F01197009BF539 /* librddntx.a */; };
		64709A7B14F01198009BF539 /* librddsql.a in Frameworks */ = {isa = PBXBuildFile; fileRef = 64709A2014F01197009BF539 /* librddsql.a */; };
		64709A7C14F01198009BF539 /* libsddodbc.a in Frameworks */ = {isa = PBXBuildFile; fileRef = 64709A2114F01197009BF539 /* libsddodbc.a */; };
		64709A7D14F01198009BF539 /* libsddpg.a in Frameworks */ = {isa = PBXBuildFile; fileRef = 64709A2214F01197009BF539 /* libsddpg.a */; };
		64709A7E14F01198009BF539 /* libsddsqlt3.a in Frameworks */ = {isa = PBXBuildFile; fileRef = 64709A2314F01197009BF539 /* libsddsqlt3.a */; };
		64709A7F14F01198009BF539 /* libxdiff.a in Frameworks */ = {isa = PBXBuildFile; fileRef = 64709A2414F01197009BF539 /* libxdiff.a */; };
		64709A8014F01198009BF539 /* libxhb.a in Frameworks */ = {isa = PBXBuildFile; fileRef = 64709A2514F01197009BF539 /* libxhb.a */; };
		648722CC14FE63350008ACF0 /* Familias.nib in Resources */ = {isa = PBXBuildFile; fileRef = 648722CB14FE63350008ACF0 /* Familias.nib */; };
		6492D81514DD8492007F1D67 /* Quartz.framework in Frameworks */ = {isa = PBXBuildFile; fileRef = 6492D81414DD8492007F1D67 /* Quartz.framework */; };
		64AAB2CA14FC2D55004F5354 /* main.prg in Sources */ = {isa = PBXBuildFile; fileRef = 64AAB2C914FC2D55004F5354 /* main.prg */; };
		64AAB2CC14FC2DCE004F5354 /* vari.prg in Sources */ = {isa = PBXBuildFile; fileRef = 64AAB2CB14FC2DCE004F5354 /* vari.prg */; };
		64AAB2CE14FC2DE7004F5354 /* indices.prg in Sources */ = {isa = PBXBuildFile; fileRef = 64AAB2CD14FC2DE7004F5354 /* indices.prg */; };
		64AAB2D014FC358E004F5354 /* Pass.png in Resources */ = {isa = PBXBuildFile; fileRef = 64AAB2CF14FC358E004F5354 /* Pass.png */; };
		64AAB2D214FC359E004F5354 /* PrefApp.tiff in Resources */ = {isa = PBXBuildFile; fileRef = 64AAB2D114FC359E004F5354 /* PrefApp.tiff */; };
		64AAB2D514FC35A8004F5354 /* offline.tiff in Resources */ = {isa = PBXBuildFile; fileRef = 64AAB2D314FC35A8004F5354 /* offline.tiff */; };
		64AAB2D614FC35A8004F5354 /* online.tiff in Resources */ = {isa = PBXBuildFile; fileRef = 64AAB2D414FC35A8004F5354 /* online.tiff */; };
		64AAB2D814FC35F5004F5354 /* exit.png in Resources */ = {isa = PBXBuildFile; fileRef = 64AAB2D714FC35F5004F5354 /* exit.png */; };
		64BC93571503E91300BC0944 /* Sci.framework in Frameworks */ = {isa = PBXBuildFile; fileRef = 64BC93561503E91300BC0944 /* Sci.framework */; };
		64F0CCFB1503CB2B0064C300 /* Sci.framework in CopyFiles */ = {isa = PBXBuildFile; fileRef = 64F0CCFA1503CB2B0064C300 /* Sci.framework */; };
/* End PBXBuildFile section */

/* Begin PBXBuildRule section */
		641F78ED14DD3A2F001F5A47 /* PBXBuildRule */ = {
			isa = PBXBuildRule;
			compilerSpec = com.apple.compilers.proxy.script;
			filePatterns = "*.prg";
			fileType = pattern.proxy;
			isEditable = 1;
			outputFiles = (
				"$(DERIVED_FILES_DIR)/$(INPUT_FILE_BASE).c",
			);
			script = "/Users/${USER}/harbour/bin/harbour ${INPUT_FILE_BASE}.prg -n -p -I/Users/${USER}/fivemac/include -I/Users/${USER}/harbour/include -o${DERIVED_FILES_DIR}/${INPUT_FILE_BASE}.c";
		};
/* End PBXBuildRule section */

/* Begin PBXCopyFilesBuildPhase section */
		64F0CCF81503CAA90064C300 /* CopyFiles */ = {
			isa = PBXCopyFilesBuildPhase;
			buildActionMask = 2147483647;
			dstPath = "";
			dstSubfolderSpec = 10;
			files = (
				64F0CCFB1503CB2B0064C300 /* Sci.framework in CopyFiles */,
			);
			runOnlyForDeploymentPostprocessing = 0;
		};
/* End PBXCopyFilesBuildPhase section */

/* Begin PBXFileReference section */
		6418E0A51503DC5F007BFD58 /* sciedit.prg */ = {isa = PBXFileReference; fileEncoding = 4; lastKnownFileType = sourcecode.fivephone; path = sciedit.prg; sourceTree = "<group>"; };
		641F78C814DD3970001F5A47 /* prog.app */ = {isa = PBXFileReference; explicitFileType = wrapper.application; includeInIndex = 0; path = prog.app; sourceTree = BUILT_PRODUCTS_DIR; };
		641F78CC14DD3970001F5A47 /* Cocoa.framework */ = {isa = PBXFileReference; lastKnownFileType = wrapper.framework; name = Cocoa.framework; path = System/Library/Frameworks/Cocoa.framework; sourceTree = SDKROOT; };
		641F78CF14DD3970001F5A47 /* AppKit.framework */ = {isa = PBXFileReference; lastKnownFileType = wrapper.framework; name = AppKit.framework; path = System/Library/Frameworks/AppKit.framework; sourceTree = SDKROOT; };
		641F78D014DD3970001F5A47 /* CoreData.framework */ = {isa = PBXFileReference; lastKnownFileType = wrapper.framework; name = CoreData.framework; path = System/Library/Frameworks/CoreData.framework; sourceTree = SDKROOT; };
		641F78D114DD3970001F5A47 /* Foundation.framework */ = {isa = PBXFileReference; lastKnownFileType = wrapper.framework; name = Foundation.framework; path = System/Library/Frameworks/Foundation.framework; sourceTree = SDKROOT; };
		641F78D414DD3970001F5A47 /* prog-Info.plist */ = {isa = PBXFileReference; lastKnownFileType = text.plist.xml; path = "prog-Info.plist"; sourceTree = "<group>"; };
		641F78D614DD3970001F5A47 /* en */ = {isa = PBXFileReference; lastKnownFileType = text.plist.strings; name = en; path = en.lproj/InfoPlist.strings; sourceTree = "<group>"; };
		641F78D814DD3970001F5A47 /* main.m */ = {isa = PBXFileReference; lastKnownFileType = sourcecode.c.objc; path = main.m; sourceTree = "<group>"; };
		641F78DA14DD3970001F5A47 /* prog-Prefix.pch */ = {isa = PBXFileReference; lastKnownFileType = sourcecode.c.h; path = "prog-Prefix.pch"; sourceTree = "<group>"; };
		641F78DC14DD3970001F5A47 /* en */ = {isa = PBXFileReference; lastKnownFileType = text.rtf; name = en; path = en.lproj/Credits.rtf; sourceTree = "<group>"; };
		641F78DE14DD3970001F5A47 /* AppDelegate.h */ = {isa = PBXFileReference; lastKnownFileType = sourcecode.c.h; path = AppDelegate.h; sourceTree = "<group>"; };
		641F78DF14DD3970001F5A47 /* AppDelegate.m */ = {isa = PBXFileReference; lastKnownFileType = sourcecode.c.objc; path = AppDelegate.m; sourceTree = "<group>"; };
		641F78E214DD3970001F5A47 /* en */ = {isa = PBXFileReference; lastKnownFileType = file.xib; name = en; path = en.lproj/MainMenu.xib; sourceTree = "<group>"; };
		6426B6A81501402F0015B139 /* provinci.prg */ = {isa = PBXFileReference; fileEncoding = 4; lastKnownFileType = sourcecode.fivephone; path = provinci.prg; sourceTree = "<group>"; xcLanguageSpecificationIdentifier = xcode.lang.simpleColoring; };
		64420F2114DD89E0008E7038 /* este.entitlements */ = {isa = PBXFileReference; lastKnownFileType = text.xml; path = este.entitlements; sourceTree = "<group>"; };
		647099C614F0116F009BF539 /* libfive.a */ = {isa = PBXFileReference; lastKnownFileType = archive.ar; name = libfive.a; path = ../../fivemac/lib/libfive.a; sourceTree = "<group>"; };
		647099C714F0116F009BF539 /* libfivec.a */ = {isa = PBXFileReference; lastKnownFileType = archive.ar; name = libfivec.a; path = ../../fivemac/lib/libfivec.a; sourceTree = "<group>"; };
		647099CB14F01197009BF539 /* libexpat.a */ = {isa = PBXFileReference; lastKnownFileType = archive.ar; name = libexpat.a; path = ../../harbour/lib/libexpat.a; sourceTree = "<group>"; };
		647099CC14F01197009BF539 /* libgtcgi.a */ = {isa = PBXFileReference; lastKnownFileType = archive.ar; name = libgtcgi.a; path = ../../harbour/lib/libgtcgi.a; sourceTree = "<group>"; };
		647099CD14F01197009BF539 /* libgtcrs.a */ = {isa = PBXFileReference; lastKnownFileType = archive.ar; name = libgtcrs.a; path = ../../harbour/lib/libgtcrs.a; sourceTree = "<group>"; };
		647099CE14F01197009BF539 /* libgtpca.a */ = {isa = PBXFileReference; lastKnownFileType = archive.ar; name = libgtpca.a; path = ../../harbour/lib/libgtpca.a; sourceTree = "<group>"; };
		647099CF14F01197009BF539 /* libgtqtc.a */ = {isa = PBXFileReference; lastKnownFileType = archive.ar; name = libgtqtc.a; path = ../../harbour/lib/libgtqtc.a; sourceTree = "<group>"; };
		647099D014F01197009BF539 /* libgtsln.a */ = {isa = PBXFileReference; lastKnownFileType = archive.ar; name = libgtsln.a; path = ../../harbour/lib/libgtsln.a; sourceTree = "<group>"; };
		647099D114F01197009BF539 /* libgtstd.a */ = {isa = PBXFileReference; lastKnownFileType = archive.ar; name = libgtstd.a; path = ../../harbour/lib/libgtstd.a; sourceTree = "<group>"; };
		647099D214F01197009BF539 /* libgttrm.a */ = {isa = PBXFileReference; lastKnownFileType = archive.ar; name = libgttrm.a; path = ../../harbour/lib/libgttrm.a; sourceTree = "<group>"; };
		647099D314F01197009BF539 /* libgtxwc.a */ = {isa = PBXFileReference; lastKnownFileType = archive.ar; name = libgtxwc.a; path = ../../harbour/lib/libgtxwc.a; sourceTree = "<group>"; };
		647099D714F01197009BF539 /* libhbblink.a */ = {isa = PBXFileReference; lastKnownFileType = archive.ar; name = libhbblink.a; path = ../../harbour/lib/libhbblink.a; sourceTree = "<group>"; };
		647099D814F01197009BF539 /* libhbbz2.a */ = {isa = PBXFileReference; lastKnownFileType = archive.ar; name = libhbbz2.a; path = ../../harbour/lib/libhbbz2.a; sourceTree = "<group>"; };
		647099D914F01197009BF539 /* libhbcomm.a */ = {isa = PBXFileReference; lastKnownFileType = archive.ar; name = libhbcomm.a; path = ../../harbour/lib/libhbcomm.a; sourceTree = "<group>"; };
		647099DA14F01197009BF539 /* libhbcommon.a */ = {isa = PBXFileReference; lastKnownFileType = archive.ar; name = libhbcommon.a; path = ../../harbour/lib/libhbcommon.a; sourceTree = "<group>"; };
		647099DB14F01197009BF539 /* libhbcpage.a */ = {isa = PBXFileReference; lastKnownFileType = archive.ar; name = libhbcpage.a; path = ../../harbour/lib/libhbcpage.a; sourceTree = "<group>"; };
		647099DC14F01197009BF539 /* libhbcplr.a */ = {isa = PBXFileReference; lastKnownFileType = archive.ar; name = libhbcplr.a; path = ../../harbour/lib/libhbcplr.a; sourceTree = "<group>"; };
		647099DD14F01197009BF539 /* libhbct.a */ = {isa = PBXFileReference; lastKnownFileType = archive.ar; name = libhbct.a; path = ../../harbour/lib/libhbct.a; sourceTree = "<group>"; };
		647099DE14F01197009BF539 /* libhbcups.a */ = {isa = PBXFileReference; lastKnownFileType = archive.ar; name = libhbcups.a; path = ../../harbour/lib/libhbcups.a; sourceTree = "<group>"; };
		647099DF14F01197009BF539 /* libhbcurl.a */ = {isa = PBXFileReference; lastKnownFileType = archive.ar; name = libhbcurl.a; path = ../../harbour/lib/libhbcurl.a; sourceTree = "<group>"; };
		647099E014F01197009BF539 /* libhbdebug.a */ = {isa = PBXFileReference; lastKnownFileType = archive.ar; name = libhbdebug.a; path = ../../harbour/lib/libhbdebug.a; sourceTree = "<group>"; };
		647099E114F01197009BF539 /* libhbexpat.a */ = {isa = PBXFileReference; lastKnownFileType = archive.ar; name = libhbexpat.a; path = ../../harbour/lib/libhbexpat.a; sourceTree = "<group>"; };
		647099E214F01197009BF539 /* libhbextern.a */ = {isa = PBXFileReference; lastKnownFileType = archive.ar; name = libhbextern.a; path = ../../harbour/lib/libhbextern.a; sourceTree = "<group>"; };
		647099E314F01197009BF539 /* libhbformat.a */ = {isa = PBXFileReference; lastKnownFileType = archive.ar; name = libhbformat.a; path = ../../harbour/lib/libhbformat.a; sourceTree = "<group>"; };
		647099E414F01197009BF539 /* libhbfoxpro.a */ = {isa = PBXFileReference; lastKnownFileType = archive.ar; name = libhbfoxpro.a; path = ../../harbour/lib/libhbfoxpro.a; sourceTree = "<group>"; };
		647099E514F01197009BF539 /* libhbfship.a */ = {isa = PBXFileReference; lastKnownFileType = archive.ar; name = libhbfship.a; path = ../../harbour/lib/libhbfship.a; sourceTree = "<group>"; };
		647099E614F01197009BF539 /* libhbgt.a */ = {isa = PBXFileReference; lastKnownFileType = archive.ar; name = libhbgt.a; path = ../../harbour/lib/libhbgt.a; sourceTree = "<group>"; };
		647099E714F01197009BF539 /* libhbhpdf.a */ = {isa = PBXFileReference; lastKnownFileType = archive.ar; name = libhbhpdf.a; path = ../../harbour/lib/libhbhpdf.a; sourceTree = "<group>"; };
		647099E814F01197009BF539 /* libhbhsx.a */ = {isa = PBXFileReference; lastKnownFileType = archive.ar; name = libhbhsx.a; path = ../../harbour/lib/libhbhsx.a; sourceTree = "<group>"; };
		647099E914F01197009BF539 /* libhbhttpd.a */ = {isa = PBXFileReference; lastKnownFileType = archive.ar; name = libhbhttpd.a; path = ../../harbour/lib/libhbhttpd.a; sourceTree = "<group>"; };
		647099EA14F01197009BF539 /* libhblang.a */ = {isa = PBXFileReference; lastKnownFileType = archive.ar; name = libhblang.a; path = ../../harbour/lib/libhblang.a; sourceTree = "<group>"; };
		647099EB14F01197009BF539 /* libhblzf.a */ = {isa = PBXFileReference; lastKnownFileType = archive.ar; name = libhblzf.a; path = ../../harbour/lib/libhblzf.a; sourceTree = "<group>"; };
		647099EC14F01197009BF539 /* libhbmacro.a */ = {isa = PBXFileReference; lastKnownFileType = archive.ar; name = libhbmacro.a; path = ../../harbour/lib/libhbmacro.a; sourceTree = "<group>"; };
		647099ED14F01197009BF539 /* libhbmemio.a */ = {isa = PBXFileReference; lastKnownFileType = archive.ar; name = libhbmemio.a; path = ../../harbour/lib/libhbmemio.a; sourceTree = "<group>"; };
		647099EE14F01197009BF539 /* libhbmisc.a */ = {isa = PBXFileReference; lastKnownFileType = archive.ar; name = libhbmisc.a; path = ../../harbour/lib/libhbmisc.a; sourceTree = "<group>"; };
		647099EF14F01197009BF539 /* libhbmlzo.a */ = {isa = PBXFileReference; lastKnownFileType = archive.ar; name = libhbmlzo.a; path = ../../harbour/lib/libhbmlzo.a; sourceTree = "<group>"; };
		647099F014F01197009BF539 /* libhbmxml.a */ = {isa = PBXFileReference; lastKnownFileType = archive.ar; name = libhbmxml.a; path = ../../harbour/lib/libhbmxml.a; sourceTree = "<group>"; };
		647099F114F01197009BF539 /* libhbmzip.a */ = {isa = PBXFileReference; lastKnownFileType = archive.ar; name = libhbmzip.a; path = ../../harbour/lib/libhbmzip.a; sourceTree = "<group>"; };
		647099F214F01197009BF539 /* libhbnetio.a */ = {isa = PBXFileReference; lastKnownFileType = archive.ar; name = libhbnetio.a; path = ../../harbour/lib/libhbnetio.a; sourceTree = "<group>"; };
		647099F314F01197009BF539 /* libhbnf.a */ = {isa = PBXFileReference; lastKnownFileType = archive.ar; name = libhbnf.a; path = ../../harbour/lib/libhbnf.a; sourceTree = "<group>"; };
		647099F614F01197009BF539 /* libhbodbc.a */ = {isa = PBXFileReference; lastKnownFileType = archive.ar; name = libhbodbc.a; path = ../../harbour/lib/libhbodbc.a; sourceTree = "<group>"; };
		647099F714F01197009BF539 /* libhboslib.a */ = {isa = PBXFileReference; lastKnownFileType = archive.ar; name = libhboslib.a; path = ../../harbour/lib/libhboslib.a; sourceTree = "<group>"; };
		647099F814F01197009BF539 /* libhbpcre.a */ = {isa = PBXFileReference; lastKnownFileType = archive.ar; name = libhbpcre.a; path = ../../harbour/lib/libhbpcre.a; sourceTree = "<group>"; };
		647099F914F01197009BF539 /* libhbpgsql.a */ = {isa = PBXFileReference; lastKnownFileType = archive.ar; name = libhbpgsql.a; path = ../../harbour/lib/libhbpgsql.a; sourceTree = "<group>"; };
		647099FA14F01197009BF539 /* libhbpp.a */ = {isa = PBXFileReference; lastKnownFileType = archive.ar; name = libhbpp.a; path = ../../harbour/lib/libhbpp.a; sourceTree = "<group>"; };
		647099FB14F01197009BF539 /* libhbqtcore.a */ = {isa = PBXFileReference; lastKnownFileType = archive.ar; name = libhbqtcore.a; path = ../../harbour/lib/libhbqtcore.a; sourceTree = "<group>"; };
		647099FC14F01197009BF539 /* libhbqtdesigner.a */ = {isa = PBXFileReference; lastKnownFileType = archive.ar; name = libhbqtdesigner.a; path = ../../harbour/lib/libhbqtdesigner.a; sourceTree = "<group>"; };
		647099FD14F01197009BF539 /* libhbqtgui.a */ = {isa = PBXFileReference; lastKnownFileType = archive.ar; name = libhbqtgui.a; path = ../../harbour/lib/libhbqtgui.a; sourceTree = "<group>"; };
		647099FE14F01197009BF539 /* libhbqtnetwork.a */ = {isa = PBXFileReference; lastKnownFileType = archive.ar; name = libhbqtnetwork.a; path = ../../harbour/lib/libhbqtnetwork.a; sourceTree = "<group>"; };
		647099FF14F01197009BF539 /* libhbqtsql.a */ = {isa = PBXFileReference; lastKnownFileType = archive.ar; name = libhbqtsql.a; path = ../../harbour/lib/libhbqtsql.a; sourceTree = "<group>"; };
		64709A0014F01197009BF539 /* libhbqtwebkit.a */ = {isa = PBXFileReference; lastKnownFileType = archive.ar; name = libhbqtwebkit.a; path = ../../harbour/lib/libhbqtwebkit.a; sourceTree = "<group>"; };
		64709A0114F01197009BF539 /* libhbrdd.a */ = {isa = PBXFileReference; lastKnownFileType = archive.ar; name = libhbrdd.a; path = ../../harbour/lib/libhbrdd.a; sourceTree = "<group>"; };
		64709A0214F01197009BF539 /* libhbrtl.a */ = {isa = PBXFileReference; lastKnownFileType = archive.ar; name = libhbrtl.a; path = ../../harbour/lib/libhbrtl.a; sourceTree = "<group>"; };
		64709A0314F01197009BF539 /* libhbsix.a */ = {isa = PBXFileReference; lastKnownFileType = archive.ar; name = libhbsix.a; path = ../../harbour/lib/libhbsix.a; sourceTree = "<group>"; };
		64709A0414F01197009BF539 /* libhbsms.a */ = {isa = PBXFileReference; lastKnownFileType = archive.ar; name = libhbsms.a; path = ../../harbour/lib/libhbsms.a; sourceTree = "<group>"; };
		64709A0514F01197009BF539 /* libhbsqlit3.a */ = {isa = PBXFileReference; lastKnownFileType = archive.ar; name = libhbsqlit3.a; path = ../../harbour/lib/libhbsqlit3.a; sourceTree = "<group>"; };
		64709A0614F01197009BF539 /* libhbssl.a */ = {isa = PBXFileReference; lastKnownFileType = archive.ar; name = libhbssl.a; path = ../../harbour/lib/libhbssl.a; sourceTree = "<group>"; };
		64709A0714F01197009BF539 /* libhbtip.a */ = {isa = PBXFileReference; lastKnownFileType = archive.ar; name = libhbtip.a; path = ../../harbour/lib/libhbtip.a; sourceTree = "<group>"; };
		64709A0814F01197009BF539 /* libhbtipssl.a */ = {isa = PBXFileReference; lastKnownFileType = archive.ar; name = libhbtipssl.a; path = ../../harbour/lib/libhbtipssl.a; sourceTree = "<group>"; };
		64709A0914F01197009BF539 /* libhbtpathy.a */ = {isa = PBXFileReference; lastKnownFileType = archive.ar; name = libhbtpathy.a; path = ../../harbour/lib/libhbtpathy.a; sourceTree = "<group>"; };
		64709A0A14F01197009BF539 /* libhbuddall.a */ = {isa = PBXFileReference; lastKnownFileType = archive.ar; name = libhbuddall.a; path = ../../harbour/lib/libhbuddall.a; sourceTree = "<group>"; };
		64709A0B14F01197009BF539 /* libhbunix.a */ = {isa = PBXFileReference; lastKnownFileType = archive.ar; name = libhbunix.a; path = ../../harbour/lib/libhbunix.a; sourceTree = "<group>"; };
		64709A0C14F01197009BF539 /* libhbusrrdd.a */ = {isa = PBXFileReference; lastKnownFileType = archive.ar; name = libhbusrrdd.a; path = ../../harbour/lib/libhbusrrdd.a; sourceTree = "<group>"; };
		64709A0D14F01197009BF539 /* libhbvm.a */ = {isa = PBXFileReference; lastKnownFileType = archive.ar; name = libhbvm.a; path = ../../harbour/lib/libhbvm.a; sourceTree = "<group>"; };
		64709A0E14F01197009BF539 /* libhbvmmt.a */ = {isa = PBXFileReference; lastKnownFileType = archive.ar; name = libhbvmmt.a; path = ../../harbour/lib/libhbvmmt.a; sourceTree = "<group>"; };
		64709A0F14F01197009BF539 /* libhbxbp.a */ = {isa = PBXFileReference; lastKnownFileType = archive.ar; name = libhbxbp.a; path = ../../harbour/lib/libhbxbp.a; sourceTree = "<group>"; };
		64709A1014F01197009BF539 /* libhbxdiff.a */ = {isa = PBXFileReference; lastKnownFileType = archive.ar; name = libhbxdiff.a; path = ../../harbour/lib/libhbxdiff.a; sourceTree = "<group>"; };
		64709A1114F01197009BF539 /* libhbxpp.a */ = {isa = PBXFileReference; lastKnownFileType = archive.ar; name = libhbxpp.a; path = ../../harbour/lib/libhbxpp.a; sourceTree = "<group>"; };
		64709A1214F01197009BF539 /* libhbzebra.a */ = {isa = PBXFileReference; lastKnownFileType = archive.ar; name = libhbzebra.a; path = ../../harbour/lib/libhbzebra.a; sourceTree = "<group>"; };
		64709A1314F01197009BF539 /* libhbziparc.a */ = {isa = PBXFileReference; lastKnownFileType = archive.ar; name = libhbziparc.a; path = ../../harbour/lib/libhbziparc.a; sourceTree = "<group>"; };
		64709A1414F01197009BF539 /* libjpeg.a */ = {isa = PBXFileReference; lastKnownFileType = archive.ar; name = libjpeg.a; path = ../../harbour/lib/libjpeg.a; sourceTree = "<group>"; };
		64709A1514F01197009BF539 /* liblibhpdf.a */ = {isa = PBXFileReference; lastKnownFileType = archive.ar; name = liblibhpdf.a; path = ../../harbour/lib/liblibhpdf.a; sourceTree = "<group>"; };
		64709A1614F01197009BF539 /* liblzf.a */ = {isa = PBXFileReference; lastKnownFileType = archive.ar; name = liblzf.a; path = ../../harbour/lib/liblzf.a; sourceTree = "<group>"; };
		64709A1714F01197009BF539 /* libminilzo.a */ = {isa = PBXFileReference; lastKnownFileType = archive.ar; name = libminilzo.a; path = ../../harbour/lib/libminilzo.a; sourceTree = "<group>"; };
		64709A1814F01197009BF539 /* libminizip.a */ = {isa = PBXFileReference; lastKnownFileType = archive.ar; name = libminizip.a; path = ../../harbour/lib/libminizip.a; sourceTree = "<group>"; };
		64709A1914F01197009BF539 /* libmxml.a */ = {isa = PBXFileReference; lastKnownFileType = archive.ar; name = libmxml.a; path = ../../harbour/lib/libmxml.a; sourceTree = "<group>"; };
		64709A1A14F01197009BF539 /* libpng.a */ = {isa = PBXFileReference; lastKnownFileType = archive.ar; name = libpng.a; path = ../../harbour/lib/libpng.a; sourceTree = "<group>"; };
		64709A1B14F01197009BF539 /* librddbm.a */ = {isa = PBXFileReference; lastKnownFileType = archive.ar; name = librddbm.a; path = ../../harbour/lib/librddbm.a; sourceTree = "<group>"; };
		64709A1C14F01197009BF539 /* librddcdx.a */ = {isa = PBXFileReference; lastKnownFileType = archive.ar; name = librddcdx.a; path = ../../harbour/lib/librddcdx.a; sourceTree = "<group>"; };
		64709A1D14F01197009BF539 /* librddfpt.a */ = {isa = PBXFileReference; lastKnownFileType = archive.ar; name = librddfpt.a; path = ../../harbour/lib/librddfpt.a; sourceTree = "<group>"; };
		64709A1E14F01197009BF539 /* librddnsx.a */ = {isa = PBXFileReference; lastKnownFileType = archive.ar; name = librddnsx.a; path = ../../harbour/lib/librddnsx.a; sourceTree = "<group>"; };
		64709A1F14F01197009BF539 /* librddntx.a */ = {isa = PBXFileReference; lastKnownFileType = archive.ar; name = librddntx.a; path = ../../harbour/lib/librddntx.a; sourceTree = "<group>"; };
		64709A2014F01197009BF539 /* librddsql.a */ = {isa = PBXFileReference; lastKnownFileType = archive.ar; name = librddsql.a; path = ../../harbour/lib/librddsql.a; sourceTree = "<group>"; };
		64709A2114F01197009BF539 /* libsddodbc.a */ = {isa = PBXFileReference; lastKnownFileType = archive.ar; name = libsddodbc.a; path = ../../harbour/lib/libsddodbc.a; sourceTree = "<group>"; };
		64709A2214F01197009BF539 /* libsddpg.a */ = {isa = PBXFileReference; lastKnownFileType = archive.ar; name = libsddpg.a; path = ../../harbour/lib/libsddpg.a; sourceTree = "<group>"; };
		64709A2314F01197009BF539 /* libsddsqlt3.a */ = {isa = PBXFileReference; lastKnownFileType = archive.ar; name = libsddsqlt3.a; path = ../../harbour/lib/libsddsqlt3.a; sourceTree = "<group>"; };
		64709A2414F01197009BF539 /* libxdiff.a */ = {isa = PBXFileReference; lastKnownFileType = archive.ar; name = libxdiff.a; path = ../../harbour/lib/libxdiff.a; sourceTree = "<group>"; };
		64709A2514F01197009BF539 /* libxhb.a */ = {isa = PBXFileReference; lastKnownFileType = archive.ar; name = libxhb.a; path = ../../harbour/lib/libxhb.a; sourceTree = "<group>"; };
		648722CB14FE63350008ACF0 /* Familias.nib */ = {isa = PBXFileReference; lastKnownFileType = wrapper.nib; path = Familias.nib; sourceTree = "<group>"; };
		6492D81414DD8492007F1D67 /* Quartz.framework */ = {isa = PBXFileReference; lastKnownFileType = wrapper.framework; name = Quartz.framework; path = System/Library/Frameworks/Quartz.framework; sourceTree = SDKROOT; };
		64AAB2C914FC2D55004F5354 /* main.prg */ = {isa = PBXFileReference; fileEncoding = 4; lastKnownFileType = sourcecode.fivephone; path = main.prg; sourceTree = "<group>"; xcLanguageSpecificationIdentifier = xcode.lang.simpleColoring; };
		64AAB2CB14FC2DCE004F5354 /* vari.prg */ = {isa = PBXFileReference; fileEncoding = 4; lastKnownFileType = sourcecode.fivephone; path = vari.prg; sourceTree = "<group>"; };
		64AAB2CD14FC2DE7004F5354 /* indices.prg */ = {isa = PBXFileReference; fileEncoding = 4; lastKnownFileType = sourcecode.fivephone; path = indices.prg; sourceTree = "<group>"; xcLanguageSpecificationIdentifier = xcode.lang.simpleColoring; };
		64AAB2CF14FC358E004F5354 /* Pass.png */ = {isa = PBXFileReference; lastKnownFileType = image.png; path = Pass.png; sourceTree = "<group>"; };
		64AAB2D114FC359E004F5354 /* PrefApp.tiff */ = {isa = PBXFileReference; lastKnownFileType = image.tiff; path = PrefApp.tiff; sourceTree = "<group>"; };
		64AAB2D314FC35A8004F5354 /* offline.tiff */ = {isa = PBXFileReference; lastKnownFileType = image.tiff; path = offline.tiff; sourceTree = "<group>"; };
		64AAB2D414FC35A8004F5354 /* online.tiff */ = {isa = PBXFileReference; lastKnownFileType = image.tiff; path = online.tiff; sourceTree = "<group>"; };
		64AAB2D714FC35F5004F5354 /* exit.png */ = {isa = PBXFileReference; lastKnownFileType = image.png; path = exit.png; sourceTree = "<group>"; };
		64BC93561503E91300BC0944 /* Sci.framework */ = {isa = PBXFileReference; lastKnownFileType = wrapper.framework; path = Sci.framework; sourceTree = "<group>"; };
		64F0CCFA1503CB2B0064C300 /* Sci.framework */ = {isa = PBXFileReference; lastKnownFileType = wrapper.framework; path = Sci.framework; sourceTree = "<group>"; };
/* End PBXFileReference section */

/* Begin PBXFrameworksBuildPhase section */
		641F78C514DD3970001F5A47 /* Frameworks */ = {
			isa = PBXFrameworksBuildPhase;
			buildActionMask = 2147483647;
			files = (
				6492D81514DD8492007F1D67 /* Quartz.framework in Frameworks */,
				641F78CD14DD3970001F5A47 /* Cocoa.framework in Frameworks */,
				647099C814F0116F009BF539 /* libfive.a in Frameworks */,
				647099C914F0116F009BF539 /* libfivec.a in Frameworks */,
				64709A2614F01198009BF539 /* libexpat.a in Frameworks */,
				64709A2714F01198009BF539 /* libgtcgi.a in Frameworks */,
				64709A2814F01198009BF539 /* libgtcrs.a in Frameworks */,
				64709A2914F01198009BF539 /* libgtpca.a in Frameworks */,
				64709A2A14F01198009BF539 /* libgtqtc.a in Frameworks */,
				64709A2B14F01198009BF539 /* libgtsln.a in Frameworks */,
				64709A2C14F01198009BF539 /* libgtstd.a in Frameworks */,
				64709A2D14F01198009BF539 /* libgttrm.a in Frameworks */,
				64709A2E14F01198009BF539 /* libgtxwc.a in Frameworks */,
				64709A3214F01198009BF539 /* libhbblink.a in Frameworks */,
				64709A3314F01198009BF539 /* libhbbz2.a in Frameworks */,
				64709A3414F01198009BF539 /* libhbcomm.a in Frameworks */,
				64709A3514F01198009BF539 /* libhbcommon.a in Frameworks */,
				64709A3614F01198009BF539 /* libhbcpage.a in Frameworks */,
				64709A3714F01198009BF539 /* libhbcplr.a in Frameworks */,
				64709A3814F01198009BF539 /* libhbct.a in Frameworks */,
				64709A3914F01198009BF539 /* libhbcups.a in Frameworks */,
				64709A3A14F01198009BF539 /* libhbcurl.a in Frameworks */,
				64709A3B14F01198009BF539 /* libhbdebug.a in Frameworks */,
				64709A3C14F01198009BF539 /* libhbexpat.a in Frameworks */,
				64709A3D14F01198009BF539 /* libhbextern.a in Frameworks */,
				64709A3E14F01198009BF539 /* libhbformat.a in Frameworks */,
				64709A3F14F01198009BF539 /* libhbfoxpro.a in Frameworks */,
				64709A4014F01198009BF539 /* libhbfship.a in Frameworks */,
				64709A4114F01198009BF539 /* libhbgt.a in Frameworks */,
				64709A4214F01198009BF539 /* libhbhpdf.a in Frameworks */,
				64709A4314F01198009BF539 /* libhbhsx.a in Frameworks */,
				64709A4414F01198009BF539 /* libhbhttpd.a in Frameworks */,
				64709A4514F01198009BF539 /* libhblang.a in Frameworks */,
				64709A4614F01198009BF539 /* libhblzf.a in Frameworks */,
				64709A4714F01198009BF539 /* libhbmacro.a in Frameworks */,
				64709A4814F01198009BF539 /* libhbmemio.a in Frameworks */,
				64709A4914F01198009BF539 /* libhbmisc.a in Frameworks */,
				64709A4A14F01198009BF539 /* libhbmlzo.a in Frameworks */,
				64709A4B14F01198009BF539 /* libhbmxml.a in Frameworks */,
				64709A4C14F01198009BF539 /* libhbmzip.a in Frameworks */,
				64709A4D14F01198009BF539 /* libhbnetio.a in Frameworks */,
				64709A4E14F01198009BF539 /* libhbnf.a in Frameworks */,
				64709A5114F01198009BF539 /* libhbodbc.a in Frameworks */,
				64709A5214F01198009BF539 /* libhboslib.a in Frameworks */,
				64709A5314F01198009BF539 /* libhbpcre.a in Frameworks */,
				64709A5414F01198009BF539 /* libhbpgsql.a in Frameworks */,
				64709A5514F01198009BF539 /* libhbpp.a in Frameworks */,
				64709A5614F01198009BF539 /* libhbqtcore.a in Frameworks */,
				64709A5714F01198009BF539 /* libhbqtdesigner.a in Frameworks */,
				64709A5814F01198009BF539 /* libhbqtgui.a in Frameworks */,
				64709A5914F01198009BF539 /* libhbqtnetwork.a in Frameworks */,
				64709A5A14F01198009BF539 /* libhbqtsql.a in Frameworks */,
				64709A5B14F01198009BF539 /* libhbqtwebkit.a in Frameworks */,
				64709A5C14F01198009BF539 /* libhbrdd.a in Frameworks */,
				64709A5D14F01198009BF539 /* libhbrtl.a in Frameworks */,
				64709A5E14F01198009BF539 /* libhbsix.a in Frameworks */,
				64709A5F14F01198009BF539 /* libhbsms.a in Frameworks */,
				64709A6014F01198009BF539 /* libhbsqlit3.a in Frameworks */,
				64709A6114F01198009BF539 /* libhbssl.a in Frameworks */,
				64709A6214F01198009BF539 /* libhbtip.a in Frameworks */,
				64709A6314F01198009BF539 /* libhbtipssl.a in Frameworks */,
				64709A6414F01198009BF539 /* libhbtpathy.a in Frameworks */,
				64709A6514F01198009BF539 /* libhbuddall.a in Frameworks */,
				64709A6614F01198009BF539 /* libhbunix.a in Frameworks */,
				64709A6714F01198009BF539 /* libhbusrrdd.a in Frameworks */,
				64709A6814F01198009BF539 /* libhbvm.a in Frameworks */,
				64709A6914F01198009BF539 /* libhbvmmt.a in Frameworks */,
				64709A6A14F01198009BF539 /* libhbxbp.a in Frameworks */,
				64709A6B14F01198009BF539 /* libhbxdiff.a in Frameworks */,
				64709A6C14F01198009BF539 /* libhbxpp.a in Frameworks */,
				64709A6D14F01198009BF539 /* libhbzebra.a in Frameworks */,
				64709A6E14F01198009BF539 /* libhbziparc.a in Frameworks */,
				64709A6F14F01198009BF539 /* libjpeg.a in Frameworks */,
				64709A7014F01198009BF539 /* liblibhpdf.a in Frameworks */,
				64709A7114F01198009BF539 /* liblzf.a in Frameworks */,
				64709A7214F01198009BF539 /* libminilzo.a in Frameworks */,
				64709A7314F01198009BF539 /* libminizip.a in Frameworks */,
				64709A7414F01198009BF539 /* libmxml.a in Frameworks */,
				64709A7514F01198009BF539 /* libpng.a in Frameworks */,
				64709A7614F01198009BF539 /* librddbm.a in Frameworks */,
				64709A7714F01198009BF539 /* librddcdx.a in Frameworks */,
				64709A7814F01198009BF539 /* librddfpt.a in Frameworks */,
				64709A7914F01198009BF539 /* librddnsx.a in Frameworks */,
				64709A7A14F01198009BF539 /* librddntx.a in Frameworks */,
				64709A7B14F01198009BF539 /* librddsql.a in Frameworks */,
				64709A7C14F01198009BF539 /* libsddodbc.a in Frameworks */,
				64709A7D14F01198009BF539 /* libsddpg.a in Frameworks */,
				64709A7E14F01198009BF539 /* libsddsqlt3.a in Frameworks */,
				64709A7F14F01198009BF539 /* libxdiff.a in Frameworks */,
				64709A8014F01198009BF539 /* libxhb.a in Frameworks */,
				64BC93571503E91300BC0944 /* Sci.framework in Frameworks */,
			);
			runOnlyForDeploymentPostprocessing = 0;
		};
/* End PBXFrameworksBuildPhase section */

/* Begin PBXGroup section */
		641F78BD14DD3970001F5A47 = {
			isa = PBXGroup;
			children = (
				6426B6A81501402F0015B139 /* provinci.prg */,
				64AAB2C914FC2D55004F5354 /* main.prg */,
				6418E0A51503DC5F007BFD58 /* sciedit.prg */,
				64AAB2CB14FC2DCE004F5354 /* vari.prg */,
				64AAB2CD14FC2DE7004F5354 /* indices.prg */,
				641F78D214DD3970001F5A47 /* este */,
				643CD5AE14DD85B400041DF0 /* Resources */,
				641F78CB14DD3970001F5A47 /* Frameworks */,
				641F78C914DD3970001F5A47 /* Products */,
			);
			sourceTree = "<group>";
		};
		641F78C914DD3970001F5A47 /* Products */ = {
			isa = PBXGroup;
			children = (
				641F78C814DD3970001F5A47 /* prog.app */,
			);
			name = Products;
			sourceTree = "<group>";
		};
		641F78CB14DD3970001F5A47 /* Frameworks */ = {
			isa = PBXGroup;
			children = (
				64BC93561503E91300BC0944 /* Sci.framework */,
				64F0CCFA1503CB2B0064C300 /* Sci.framework */,
				647099CA14F0117E009BF539 /* harbour */,
				647099C514F0115D009BF539 /* fivemac */,
				641F78CC14DD3970001F5A47 /* Cocoa.framework */,
				641F78CE14DD3970001F5A47 /* Other Frameworks */,
			);
			name = Frameworks;
			sourceTree = "<group>";
		};
		641F78CE14DD3970001F5A47 /* Other Frameworks */ = {
			isa = PBXGroup;
			children = (
				6492D81414DD8492007F1D67 /* Quartz.framework */,
				641F78CF14DD3970001F5A47 /* AppKit.framework */,
				641F78D014DD3970001F5A47 /* CoreData.framework */,
				641F78D114DD3970001F5A47 /* Foundation.framework */,
			);
			name = "Other Frameworks";
			sourceTree = "<group>";
		};
		641F78D214DD3970001F5A47 /* este */ = {
			isa = PBXGroup;
			children = (
				64420F2114DD89E0008E7038 /* este.entitlements */,
				641F78DE14DD3970001F5A47 /* AppDelegate.h */,
				641F78DF14DD3970001F5A47 /* AppDelegate.m */,
				641F78E114DD3970001F5A47 /* MainMenu.xib */,
				641F78D314DD3970001F5A47 /* Supporting Files */,
			);
			path = este;
			sourceTree = "<group>";
		};
		641F78D314DD3970001F5A47 /* Supporting Files */ = {
			isa = PBXGroup;
			children = (
				641F78D414DD3970001F5A47 /* prog-Info.plist */,
				641F78D514DD3970001F5A47 /* InfoPlist.strings */,
				641F78D814DD3970001F5A47 /* main.m */,
				641F78DA14DD3970001F5A47 /* prog-Prefix.pch */,
				641F78DB14DD3970001F5A47 /* Credits.rtf */,
			);
			name = "Supporting Files";
			sourceTree = "<group>";
		};
		643CD5AE14DD85B400041DF0 /* Resources */ = {
			isa = PBXGroup;
			children = (
				648722CB14FE63350008ACF0 /* Familias.nib */,
				64AAB2D314FC35A8004F5354 /* offline.tiff */,
				64AAB2D714FC35F5004F5354 /* exit.png */,
				64AAB2D414FC35A8004F5354 /* online.tiff */,
				64AAB2D114FC359E004F5354 /* PrefApp.tiff */,
				64AAB2CF14FC358E004F5354 /* Pass.png */,
			);
			name = Resources;
			sourceTree = "<group>";
		};
		647099C514F0115D009BF539 /* fivemac */ = {
			isa = PBXGroup;
			children = (
				647099C614F0116F009BF539 /* libfive.a */,
				647099C714F0116F009BF539 /* libfivec.a */,
			);
			name = fivemac;
			sourceTree = "<group>";
		};
		647099CA14F0117E009BF539 /* harbour */ = {
			isa = PBXGroup;
			children = (
				647099CB14F01197009BF539 /* libexpat.a */,
				647099CC14F01197009BF539 /* libgtcgi.a */,
				647099CD14F01197009BF539 /* libgtcrs.a */,
				647099CE14F01197009BF539 /* libgtpca.a */,
				647099CF14F01197009BF539 /* libgtqtc.a */,
				647099D014F01197009BF539 /* libgtsln.a */,
				647099D114F01197009BF539 /* libgtstd.a */,
				647099D214F01197009BF539 /* libgttrm.a */,
				647099D314F01197009BF539 /* libgtxwc.a */,
				647099D714F01197009BF539 /* libhbblink.a */,
				647099D814F01197009BF539 /* libhbbz2.a */,
				647099D914F01197009BF539 /* libhbcomm.a */,
				647099DA14F01197009BF539 /* libhbcommon.a */,
				647099DB14F01197009BF539 /* libhbcpage.a */,
				647099DC14F01197009BF539 /* libhbcplr.a */,
				647099DD14F01197009BF539 /* libhbct.a */,
				647099DE14F01197009BF539 /* libhbcups.a */,
				647099DF14F01197009BF539 /* libhbcurl.a */,
				647099E014F01197009BF539 /* libhbdebug.a */,
				647099E114F01197009BF539 /* libhbexpat.a */,
				647099E214F01197009BF539 /* libhbextern.a */,
				647099E314F01197009BF539 /* libhbformat.a */,
				647099E414F01197009BF539 /* libhbfoxpro.a */,
				647099E514F01197009BF539 /* libhbfship.a */,
				647099E614F01197009BF539 /* libhbgt.a */,
				647099E714F01197009BF539 /* libhbhpdf.a */,
				647099E814F01197009BF539 /* libhbhsx.a */,
				647099E914F01197009BF539 /* libhbhttpd.a */,
				647099EA14F01197009BF539 /* libhblang.a */,
				647099EB14F01197009BF539 /* libhblzf.a */,
				647099EC14F01197009BF539 /* libhbmacro.a */,
				647099ED14F01197009BF539 /* libhbmemio.a */,
				647099EE14F01197009BF539 /* libhbmisc.a */,
				647099EF14F01197009BF539 /* libhbmlzo.a */,
				647099F014F01197009BF539 /* libhbmxml.a */,
				647099F114F01197009BF539 /* libhbmzip.a */,
				647099F214F01197009BF539 /* libhbnetio.a */,
				647099F314F01197009BF539 /* libhbnf.a */,
				647099F614F01197009BF539 /* libhbodbc.a */,
				647099F714F01197009BF539 /* libhboslib.a */,
				647099F814F01197009BF539 /* libhbpcre.a */,
				647099F914F01197009BF539 /* libhbpgsql.a */,
				647099FA14F01197009BF539 /* libhbpp.a */,
				647099FB14F01197009BF539 /* libhbqtcore.a */,
				647099FC14F01197009BF539 /* libhbqtdesigner.a */,
				647099FD14F01197009BF539 /* libhbqtgui.a */,
				647099FE14F01197009BF539 /* libhbqtnetwork.a */,
				647099FF14F01197009BF539 /* libhbqtsql.a */,
				64709A0014F01197009BF539 /* libhbqtwebkit.a */,
				64709A0114F01197009BF539 /* libhbrdd.a */,
				64709A0214F01197009BF539 /* libhbrtl.a */,
				64709A0314F01197009BF539 /* libhbsix.a */,
				64709A0414F01197009BF539 /* libhbsms.a */,
				64709A0514F01197009BF539 /* libhbsqlit3.a */,
				64709A0614F01197009BF539 /* libhbssl.a */,
				64709A0714F01197009BF539 /* libhbtip.a */,
				64709A0814F01197009BF539 /* libhbtipssl.a */,
				64709A0914F01197009BF539 /* libhbtpathy.a */,
				64709A0A14F01197009BF539 /* libhbuddall.a */,
				64709A0B14F01197009BF539 /* libhbunix.a */,
				64709A0C14F01197009BF539 /* libhbusrrdd.a */,
				64709A0D14F01197009BF539 /* libhbvm.a */,
				64709A0E14F01197009BF539 /* libhbvmmt.a */,
				64709A0F14F01197009BF539 /* libhbxbp.a */,
				64709A1014F01197009BF539 /* libhbxdiff.a */,
				64709A1114F01197009BF539 /* libhbxpp.a */,
				64709A1214F01197009BF539 /* libhbzebra.a */,
				64709A1314F01197009BF539 /* libhbziparc.a */,
				64709A1414F01197009BF539 /* libjpeg.a */,
				64709A1514F01197009BF539 /* liblibhpdf.a */,
				64709A1614F01197009BF539 /* liblzf.a */,
				64709A1714F01197009BF539 /* libminilzo.a */,
				64709A1814F01197009BF539 /* libminizip.a */,
				64709A1914F01197009BF539 /* libmxml.a */,
				64709A1A14F01197009BF539 /* libpng.a */,
				64709A1B14F01197009BF539 /* librddbm.a */,
				64709A1C14F01197009BF539 /* librddcdx.a */,
				64709A1D14F01197009BF539 /* librddfpt.a */,
				64709A1E14F01197009BF539 /* librddnsx.a */,
				64709A1F14F01197009BF539 /* librddntx.a */,
				64709A2014F01197009BF539 /* librddsql.a */,
				64709A2114F01197009BF539 /* libsddodbc.a */,
				64709A2214F01197009BF539 /* libsddpg.a */,
				64709A2314F01197009BF539 /* libsddsqlt3.a */,
				64709A2414F01197009BF539 /* libxdiff.a */,
				64709A2514F01197009BF539 /* libxhb.a */,
			);
			name = harbour;
			sourceTree = "<group>";
		};
/* End PBXGroup section */

/* Begin PBXNativeTarget section */
		641F78C714DD3970001F5A47 /* prog */ = {
			isa = PBXNativeTarget;
			buildConfigurationList = 641F78E614DD3970001F5A47 /* Build configuration list for PBXNativeTarget "prog" */;
			buildPhases = (
				641F78C414DD3970001F5A47 /* Sources */,
				641F78C514DD3970001F5A47 /* Frameworks */,
				641F78C614DD3970001F5A47 /* Resources */,
				64F0CCF81503CAA90064C300 /* CopyFiles */,
			);
			buildRules = (
				641F78ED14DD3A2F001F5A47 /* PBXBuildRule */,
			);
			dependencies = (
			);
			name = prog;
			productName = este;
			productReference = 641F78C814DD3970001F5A47 /* prog.app */;
			productType = "com.apple.product-type.application";
		};
/* End PBXNativeTarget section */

/* Begin PBXProject section */
		641F78BF14DD3970001F5A47 /* Project object */ = {
			isa = PBXProject;
			attributes = {
				LastUpgradeCheck = 0430;
			};
			buildConfigurationList = 641F78C214DD3970001F5A47 /* Build configuration list for PBXProject "prog" */;
			compatibilityVersion = "Xcode 3.2";
			developmentRegion = English;
			hasScannedForEncodings = 0;
			knownRegions = (
				en,
			);
			mainGroup = 641F78BD14DD3970001F5A47;
			productRefGroup = 641F78C914DD3970001F5A47 /* Products */;
			projectDirPath = "";
			projectRoot = "";
			targets = (
				641F78C714DD3970001F5A47 /* prog */,
			);
		};
/* End PBXProject section */

/* Begin PBXResourcesBuildPhase section */
		641F78C614DD3970001F5A47 /* Resources */ = {
			isa = PBXResourcesBuildPhase;
			buildActionMask = 2147483647;
			files = (
				641F78D714DD3970001F5A47 /* InfoPlist.strings in Resources */,
				641F78DD14DD3970001F5A47 /* Credits.rtf in Resources */,
				641F78E314DD3970001F5A47 /* MainMenu.xib in Resources */,
				64AAB2D014FC358E004F5354 /* Pass.png in Resources */,
				64AAB2D214FC359E004F5354 /* PrefApp.tiff in Resources */,
				64AAB2D514FC35A8004F5354 /* offline.tiff in Resources */,
				64AAB2D614FC35A8004F5354 /* online.tiff in Resources */,
				64AAB2D814FC35F5004F5354 /* exit.png in Resources */,
				648722CC14FE63350008ACF0 /* Familias.nib in Resources */,
			);
			runOnlyForDeploymentPostprocessing = 0;
		};
/* End PBXResourcesBuildPhase section */

/* Begin PBXSourcesBuildPhase section */
		641F78C414DD3970001F5A47 /* Sources */ = {
			isa = PBXSourcesBuildPhase;
			buildActionMask = 2147483647;
			files = (
				641F78D914DD3970001F5A47 /* main.m in Sources */,
				641F78E014DD3970001F5A47 /* AppDelegate.m in Sources */,
				64AAB2CA14FC2D55004F5354 /* main.prg in Sources */,
				64AAB2CC14FC2DCE004F5354 /* vari.prg in Sources */,
				64AAB2CE14FC2DE7004F5354 /* indices.prg in Sources */,
				6426B6A91501402F0015B139 /* provinci.prg in Sources */,
				6418E0A61503DC5F007BFD58 /* sciedit.prg in Sources */,
			);
			runOnlyForDeploymentPostprocessing = 0;
		};
/* End PBXSourcesBuildPhase section */

/* Begin PBXVariantGroup section */
		641F78D514DD3970001F5A47 /* InfoPlist.strings */ = {
			isa = PBXVariantGroup;
			children = (
				641F78D614DD3970001F5A47 /* en */,
			);
			name = InfoPlist.strings;
			sourceTree = "<group>";
		};
		641F78DB14DD3970001F5A47 /* Credits.rtf */ = {
			isa = PBXVariantGroup;
			children = (
				641F78DC14DD3970001F5A47 /* en */,
			);
			name = Credits.rtf;
			sourceTree = "<group>";
		};
		641F78E114DD3970001F5A47 /* MainMenu.xib */ = {
			isa = PBXVariantGroup;
			children = (
				641F78E214DD3970001F5A47 /* en */,
			);
			name = MainMenu.xib;
			sourceTree = "<group>";
		};
/* End PBXVariantGroup section */

/* Begin XCBuildConfiguration section */
		641F78E414DD3970001F5A47 /* Debug */ = {
			isa = XCBuildConfiguration;
			buildSettings = {
				ALWAYS_SEARCH_USER_PATHS = NO;
				ARCHS = "$(ARCHS_STANDARD_64_BIT)";
				CLANG_ENABLE_OBJC_ARC = YES;
				CODE_SIGN_IDENTITY = "";
				COPY_PHASE_STRIP = NO;
				GCC_C_LANGUAGE_STANDARD = gnu99;
				GCC_DYNAMIC_NO_PIC = NO;
				GCC_ENABLE_OBJC_EXCEPTIONS = YES;
				GCC_OPTIMIZATION_LEVEL = 0;
				GCC_PREPROCESSOR_DEFINITIONS = (
					"DEBUG=1",
					"$(inherited)",
				);
				GCC_SYMBOLS_PRIVATE_EXTERN = NO;
				GCC_VERSION = com.apple.compilers.llvm.clang.1_0;
				GCC_WARN_64_TO_32_BIT_CONVERSION = YES;
				GCC_WARN_ABOUT_MISSING_PROTOTYPES = YES;
				GCC_WARN_ABOUT_RETURN_TYPE = YES;
				GCC_WARN_UNUSED_VARIABLE = YES;
				MACOSX_DEPLOYMENT_TARGET = 10.7;
				ONLY_ACTIVE_ARCH = YES;
				SDKROOT = macosx;
			};
			name = Debug;
		};
		641F78E514DD3970001F5A47 /* Release */ = {
			isa = XCBuildConfiguration;
			buildSettings = {
				ALWAYS_SEARCH_USER_PATHS = NO;
				ARCHS = "$(ARCHS_STANDARD_64_BIT)";
				CLANG_ENABLE_OBJC_ARC = YES;
				CODE_SIGN_IDENTITY = "";
				COPY_PHASE_STRIP = YES;
				DEBUG_INFORMATION_FORMAT = "dwarf-with-dsym";
				GCC_C_LANGUAGE_STANDARD = gnu99;
				GCC_ENABLE_OBJC_EXCEPTIONS = YES;
				GCC_VERSION = com.apple.compilers.llvm.clang.1_0;
				GCC_WARN_64_TO_32_BIT_CONVERSION = YES;
				GCC_WARN_ABOUT_MISSING_PROTOTYPES = YES;
				GCC_WARN_ABOUT_RETURN_TYPE = YES;
				GCC_WARN_UNUSED_VARIABLE = YES;
				MACOSX_DEPLOYMENT_TARGET = 10.7;
				SDKROOT = macosx;
			};
			name = Release;
		};
		641F78E714DD3970001F5A47 /* Debug */ = {
			isa = XCBuildConfiguration;
			buildSettings = {
				ARCHS = "$(ARCHS_STANDARD_64_BIT)";
				CODE_SIGN_IDENTITY = "";
				FRAMEWORK_SEARCH_PATHS = (
					"$(inherited)",
					"\"$(SRCROOT)\"",
				);
				GCC_PRECOMPILE_PREFIX_HEADER = YES;
				GCC_PREFIX_HEADER = "este/prog-Prefix.pch";
				GCC_VERSION = com.apple.compilers.llvm.clang.1_0;
				INFOPLIST_FILE = "este/prog-Info.plist";
				LIBRARY_SEARCH_PATHS = (
					"/Users/${USER}/fivemac/lib",
					"/Users/${USER}/harbour/lib",
				);
				PRODUCT_NAME = prog;
				SDKROOT = macosx;
				USER_HEADER_SEARCH_PATHS = "/Users/${USER}/fivemac/include /Users/${USER}/harbour/include";
				WRAPPER_EXTENSION = app;
			};
			name = Debug;
		};
		641F78E814DD3970001F5A47 /* Release */ = {
			isa = XCBuildConfiguration;
			buildSettings = {
				ARCHS = "$(ARCHS_STANDARD_64_BIT)";
				CODE_SIGN_IDENTITY = "";
				FRAMEWORK_SEARCH_PATHS = (
					"$(inherited)",
					"\"$(SRCROOT)\"",
				);
				GCC_PRECOMPILE_PREFIX_HEADER = YES;
				GCC_PREFIX_HEADER = "este/prog-Prefix.pch";
				GCC_VERSION = com.apple.compilers.llvm.clang.1_0;
				INFOPLIST_FILE = "este/prog-Info.plist";
				LIBRARY_SEARCH_PATHS = (
					"/Users/${USER}/fivemac/lib",
					"/Users/${USER}/harbour/lib",
				);
				PRODUCT_NAME = prog;
				SDKROOT = macosx;
				USER_HEADER_SEARCH_PATHS = "/Users/${USER}/fivemac/include /Users/${USER}/harbour/include";
				WRAPPER_EXTENSION = app;
			};
			name = Release;
		};
/* End XCBuildConfiguration section */

/* Begin XCConfigurationList section */
		641F78C214DD3970001F5A47 /* Build configuration list for PBXProject "prog" */ = {
			isa = XCConfigurationList;
			buildConfigurations = (
				641F78E414DD3970001F5A47 /* Debug */,
				641F78E514DD3970001F5A47 /* Release */,
			);
			defaultConfigurationIsVisible = 0;
			defaultConfigurationName = Release;
		};
		641F78E614DD3970001F5A47 /* Build configuration list for PBXNativeTarget "prog" */ = {
			isa = XCConfigurationList;
			buildConfigurations = (
				641F78E714DD3970001F5A47 /* Debug */,
				641F78E814DD3970001F5A47 /* Release */,
			);
			defaultConfigurationIsVisible = 0;
			defaultConfigurationName = Release;
		};
/* End XCConfigurationList section */
	};
	rootObject = 641F78BF14DD3970001F5A47 /* Project object */;
}
